
Microsoft Visual Studio Solution File, Format Version 12.00
# Visual Studio 15
VisualStudioVersion = 15.0.28307.1062
MinimumVisualStudioVersion = 10.0.40219.1
Project("{FAE04EC0-301F-11D3-BF4B-00C04F79EFBC}") = "MarsRover.Console", "MarsRover\MarsRover.Console.csproj", "{44D41AA7-3E3E-4E0B-BCD2-0A1640FE3CD4}"
EndProject
Project("{FAE04EC0-301F-11D3-BF4B-00C04F79EFBC}") = "Domain", "Model\Domain.csproj", "{FDE85B58-C05B-4C2E-895B-0625CC3F7F9E}"
EndProject
Project("{FAE04EC0-301F-11D3-BF4B-00C04F79EFBC}") = "Domain.Test", "Domain.Test\Domain.Test.csproj", "{FACFE45D-0055-4BE6-BD55-B1635C7996BD}"
EndProject
Project("{FAE04EC0-301F-11D3-BF4B-00C04F79EFBC}") = "MarsRover.Desktop", "MarsRover.Desktop\MarsRover.Desktop.csproj", "{7B620585-29B8-4078-954A-491F57F8099D}"
EndProject
Global
	GlobalSection(SolutionConfigurationPlatforms) = preSolution
		Debug|Any CPU = Debug|Any CPU
		Release|Any CPU = Release|Any CPU
	EndGlobalSection
	GlobalSection(ProjectConfigurationPlatforms) = postSolution
		{44D41AA7-3E3E-4E0B-BCD2-0A1640FE3CD4}.Debug|Any CPU.ActiveCfg = Debug|Any CPU
		{44D41AA7-3E3E-4E0B-BCD2-0A1640FE3CD4}.Debug|Any CPU.Build.0 = Debug|Any CPU
		{44D41AA7-3E3E-4E0B-BCD2-0A1640FE3CD4}.Release|Any CPU.ActiveCfg = Release|Any CPU
		{44D41AA7-3E3E-4E0B-BCD2-0A1640FE3CD4}.Release|Any CPU.Build.0 = Release|Any CPU
		{FDE85B58-C05B-4C2E-895B-0625CC3F7F9E}.Debug|Any CPU.ActiveCfg = Debug|Any CPU
		{FDE85B58-C05B-4C2E-895B-0625CC3F7F9E}.Debug|Any CPU.Build.0 = Debug|Any CPU
		{FDE85B58-C05B-4C2E-895B-0625CC3F7F9E}.Release|Any CPU.ActiveCfg = Release|Any CPU
		{FDE85B58-C05B-4C2E-895B-0625CC3F7F9E}.Release|Any CPU.Build.0 = Release|Any CPU
		{FACFE45D-0055-4BE6-BD55-B1635C7996BD}.Debug|Any CPU.ActiveCfg = Debug|Any CPU
		{FACFE45D-0055-4BE6-BD55-B1635C7996BD}.Debug|Any CPU.Build.0 = Debug|Any CPU
		{FACFE45D-0055-4BE6-BD55-B1635C7996BD}.Release|Any CPU.ActiveCfg = Release|Any CPU
		{FACFE45D-0055-4BE6-BD55-B1635C7996BD}.Release|Any CPU.Build.0 = Release|Any CPU
		{7B620585-29B8-4078-954A-491F57F8099D}.Debug|Any CPU.ActiveCfg = Debug|Any CPU
		{7B620585-29B8-4078-954A-491F57F8099D}.Debug|Any CPU.Build.0 = Debug|Any CPU
		{7B620585-29B8-4078-954A-491F57F8099D}.Release|Any CPU.ActiveCfg = Release|Any CPU
		{7B620585-29B8-4078-954A-491F57F8099D}.Release|Any CPU.Build.0 = Release|Any CPU
	EndGlobalSection
	GlobalSection(SolutionProperties) = preSolution
		HideSolutionNode = FALSE
	EndGlobalSection
	GlobalSection(ExtensibilityGlobals) = postSolution
		SolutionGuid = {3656D475-0216-45C3-B0F3-7D28EAFC5DC6}
	EndGlobalSection
EndGlobal
